// !$*UTF8*$!
{
	archiveVersion = 1;
	classes = {
	};
	objectVersion = 52;
	objects = {

/* Begin PBXBuildFile section */
		9607F775242A92C900263CF6 /* HuntStateRepository.swift in Sources */ = {isa = PBXBuildFile; fileRef = 96FC082023EF595700459450 /* HuntStateRepository.swift */; };
		9607F776242A92D000263CF6 /* HuntStateService.swift in Sources */ = {isa = PBXBuildFile; fileRef = 9607F773242A8C2900263CF6 /* HuntStateService.swift */; };
		9607F778242A971000263CF6 /* PokemonService.swift in Sources */ = {isa = PBXBuildFile; fileRef = 9607F777242A971000263CF6 /* PokemonService.swift */; };
		9607F77A242AA20500263CF6 /* HuntState.swift in Sources */ = {isa = PBXBuildFile; fileRef = 9607F779242AA20500263CF6 /* HuntState.swift */; };
		9623307223F33C4C00ECB5D5 /* ColorPickerVC.swift in Sources */ = {isa = PBXBuildFile; fileRef = 9623307123F33C4C00ECB5D5 /* ColorPickerVC.swift */; };
		962E58C22411A69C001D5E41 /* ConfirmationPopup.xib in Resources */ = {isa = PBXBuildFile; fileRef = 962E58B62411A69C001D5E41 /* ConfirmationPopup.xib */; };
		962E58C32411A69C001D5E41 /* PopupView.xib in Resources */ = {isa = PBXBuildFile; fileRef = 962E58B72411A69C001D5E41 /* PopupView.xib */; };
		962E58C42411A69C001D5E41 /* PopupView.swift in Sources */ = {isa = PBXBuildFile; fileRef = 962E58B82411A69C001D5E41 /* PopupView.swift */; };
		962E58C52411A69C001D5E41 /* SetEncountersView.xib in Resources */ = {isa = PBXBuildFile; fileRef = 962E58B92411A69C001D5E41 /* SetEncountersView.xib */; };
		962E58C62411A69C001D5E41 /* InfoPopupView.xib in Resources */ = {isa = PBXBuildFile; fileRef = 962E58BA2411A69C001D5E41 /* InfoPopupView.xib */; };
		962E58C72411A69C001D5E41 /* DoubleVerticalButtonsView.swift in Sources */ = {isa = PBXBuildFile; fileRef = 962E58BB2411A69C001D5E41 /* DoubleVerticalButtonsView.swift */; };
		962E58C82411A69C001D5E41 /* DoubleVerticalButtonsView.xib in Resources */ = {isa = PBXBuildFile; fileRef = 962E58BC2411A69C001D5E41 /* DoubleVerticalButtonsView.xib */; };
		962E58C92411A69C001D5E41 /* ConfirmationPopup.swift in Sources */ = {isa = PBXBuildFile; fileRef = 962E58BD2411A69C001D5E41 /* ConfirmationPopup.swift */; };
		962E58CA2411A69C001D5E41 /* SetEncountersView.swift in Sources */ = {isa = PBXBuildFile; fileRef = 962E58BE2411A69C001D5E41 /* SetEncountersView.swift */; };
		962E58CB2411A69C001D5E41 /* PokeballIndicatorView.xib in Resources */ = {isa = PBXBuildFile; fileRef = 962E58BF2411A69C001D5E41 /* PokeballIndicatorView.xib */; };
		962E58CC2411A69C001D5E41 /* PokeballIndicatorView.swift in Sources */ = {isa = PBXBuildFile; fileRef = 962E58C02411A69C001D5E41 /* PokeballIndicatorView.swift */; };
		962E58CD2411A69C001D5E41 /* InfoPopupView.swift in Sources */ = {isa = PBXBuildFile; fileRef = 962E58C12411A69C001D5E41 /* InfoPopupView.swift */; };
		962E58D02411A6D7001D5E41 /* ButtonIconRight.swift in Sources */ = {isa = PBXBuildFile; fileRef = 962E58CE2411A6D6001D5E41 /* ButtonIconRight.swift */; };
		962E58D12411A6D7001D5E41 /* ButtonIconRight.xib in Resources */ = {isa = PBXBuildFile; fileRef = 962E58CF2411A6D7001D5E41 /* ButtonIconRight.xib */; };
		964A0B0E23EF5DFB00BC87B2 /* CurrentHuntCellDelegate.swift in Sources */ = {isa = PBXBuildFile; fileRef = 96FC080C23EF58A500459450 /* CurrentHuntCellDelegate.swift */; };
		964A0B0F23EF5DFE00BC87B2 /* PokemonCellDelegate.swift in Sources */ = {isa = PBXBuildFile; fileRef = 96FC080D23EF58A500459450 /* PokemonCellDelegate.swift */; };
		964A0B1023EF5E0400BC87B2 /* PokeballCell.swift in Sources */ = {isa = PBXBuildFile; fileRef = 96FC080F23EF58A500459450 /* PokeballCell.swift */; };
		964A0B1123EF5E0600BC87B2 /* PokemonCell.swift in Sources */ = {isa = PBXBuildFile; fileRef = 96FC081023EF58A500459450 /* PokemonCell.swift */; };
		964A0B1223EF5E0700BC87B2 /* CurrentHuntCell.swift in Sources */ = {isa = PBXBuildFile; fileRef = 96FC081123EF58A500459450 /* CurrentHuntCell.swift */; };
		964A0B1323EF5E0900BC87B2 /* MenuCell.swift in Sources */ = {isa = PBXBuildFile; fileRef = 96FC081223EF58A500459450 /* MenuCell.swift */; };
		9669E34A23F1DF7D0048C5C5 /* FlexColorPicker in Frameworks */ = {isa = PBXBuildFile; productRef = 9669E34923F1DF7D0048C5C5 /* FlexColorPicker */; };
		966C210E241038490019F835 /* FontSettingsRepository.swift in Sources */ = {isa = PBXBuildFile; fileRef = 966C210D241038490019F835 /* FontSettingsRepository.swift */; };
		966C211424103FE30019F835 /* FontSettingsService.swift in Sources */ = {isa = PBXBuildFile; fileRef = 966C211324103FE30019F835 /* FontSettingsService.swift */; };
		966C2118241173D90019F835 /* ColorRepository.swift in Sources */ = {isa = PBXBuildFile; fileRef = 966C2117241173D90019F835 /* ColorRepository.swift */; };
		966C211A241174690019F835 /* ColorService.swift in Sources */ = {isa = PBXBuildFile; fileRef = 966C2119241174690019F835 /* ColorService.swift */; };
		966C211D24118BC50019F835 /* CurrentHuntService.swift in Sources */ = {isa = PBXBuildFile; fileRef = 966C211C24118BC50019F835 /* CurrentHuntService.swift */; };
		9689C72724084CCF0007AD5D /* LGPEOddsService.swift in Sources */ = {isa = PBXBuildFile; fileRef = 9689C72624084CCF0007AD5D /* LGPEOddsService.swift */; };
		9689C72924084DD90007AD5D /* LGPEProbabilityService.swift in Sources */ = {isa = PBXBuildFile; fileRef = 9689C72824084DD90007AD5D /* LGPEProbabilityService.swift */; };
		9689C72B24084FBC0007AD5D /* SwitchStateService.swift in Sources */ = {isa = PBXBuildFile; fileRef = 9689C72A24084FBC0007AD5D /* SwitchStateService.swift */; };
		9689C72D240851DD0007AD5D /* OddsService.swift in Sources */ = {isa = PBXBuildFile; fileRef = 9689C72C240851DD0007AD5D /* OddsService.swift */; };
		9689C72F2408FAB00007AD5D /* Gen8OddsService.swift in Sources */ = {isa = PBXBuildFile; fileRef = 9689C72E2408FAB00007AD5D /* Gen8OddsService.swift */; };
		9689C7312409633E0007AD5D /* ProbabilityService.swift in Sources */ = {isa = PBXBuildFile; fileRef = 9689C7302409633E0007AD5D /* ProbabilityService.swift */; };
		9689C733240965420007AD5D /* Gen8ProbabilityService.swift in Sources */ = {isa = PBXBuildFile; fileRef = 9689C732240965420007AD5D /* Gen8ProbabilityService.swift */; };
		9695A30923EF87BD00287A16 /* Pokemon.swift in Sources */ = {isa = PBXBuildFile; fileRef = 9695A30823EF87BD00287A16 /* Pokemon.swift */; };
		96FC079D23EF192400459450 /* AppDelegate.swift in Sources */ = {isa = PBXBuildFile; fileRef = 96FC079C23EF192400459450 /* AppDelegate.swift */; };
		96FC07A723EF192400459450 /* ShinyDex.xcdatamodeld in Sources */ = {isa = PBXBuildFile; fileRef = 96FC07A523EF192400459450 /* ShinyDex.xcdatamodeld */; };
		96FC07A923EF192800459450 /* Assets.xcassets in Resources */ = {isa = PBXBuildFile; fileRef = 96FC07A823EF192800459450 /* Assets.xcassets */; };
		96FC07AC23EF192800459450 /* LaunchScreen.storyboard in Resources */ = {isa = PBXBuildFile; fileRef = 96FC07AA23EF192800459450 /* LaunchScreen.storyboard */; };
		96FC07D923EF437C00459450 /* SceneDelegate.swift in Sources */ = {isa = PBXBuildFile; fileRef = 96FC07D823EF437C00459450 /* SceneDelegate.swift */; };
		96FC07DB23EF455A00459450 /* PokemonRepository.swift in Sources */ = {isa = PBXBuildFile; fileRef = 96FC07DA23EF455A00459450 /* PokemonRepository.swift */; };
		96FC07DF23EF50C700459450 /* TextResolver.swift in Sources */ = {isa = PBXBuildFile; fileRef = 96FC07DE23EF50C700459450 /* TextResolver.swift */; };
		96FC07E623EF511500459450 /* GifSwift.swift in Sources */ = {isa = PBXBuildFile; fileRef = 96FC07E323EF511500459450 /* GifSwift.swift */; };
		96FC07E723EF511500459450 /* Extensions.swift in Sources */ = {isa = PBXBuildFile; fileRef = 96FC07E423EF511500459450 /* Extensions.swift */; };
		96FC07E823EF511500459450 /* Resolver.swift in Sources */ = {isa = PBXBuildFile; fileRef = 96FC07E523EF511500459450 /* Resolver.swift */; };
		96FC07E923EF511500459450 /* TxtReader.swift in Sources */ = {isa = PBXBuildFile; fileRef = 96FC07E023EF511400459450 /* TxtReader.swift */; };
		96FC07EA23EF511500459450 /* PopupHandler.swift in Sources */ = {isa = PBXBuildFile; fileRef = 96FC07E123EF511500459450 /* PopupHandler.swift */; };
		96FC07EF23EF529B00459450 /* pokeballs.txt in Resources */ = {isa = PBXBuildFile; fileRef = 96FC07ED23EF529B00459450 /* pokeballs.txt */; };
		96FC07F023EF529B00459450 /* allGens.txt in Resources */ = {isa = PBXBuildFile; fileRef = 96FC07EE23EF529B00459450 /* allGens.txt */; };
		96FC080723EF57D500459450 /* Main.storyboard in Resources */ = {isa = PBXBuildFile; fileRef = 96FC07FE23EF57D400459450 /* Main.storyboard */; };
		96FC081523EF58E900459450 /* Pokemon-GB.ttf in Resources */ = {isa = PBXBuildFile; fileRef = 96FC081423EF58E900459450 /* Pokemon-GB.ttf */; };
		96FC081923EF590500459450 /* Pokeball.swift in Sources */ = {isa = PBXBuildFile; fileRef = 96FC081723EF590500459450 /* Pokeball.swift */; };
		96FC082423EF595800459450 /* CurrentHuntRepository.swift in Sources */ = {isa = PBXBuildFile; fileRef = 96FC082123EF595700459450 /* CurrentHuntRepository.swift */; };
		96FC082923EF598E00459450 /* MenuTVC.swift in Sources */ = {isa = PBXBuildFile; fileRef = 96FC082623EF598E00459450 /* MenuTVC.swift */; };
		96FC082A23EF598E00459450 /* CurrentHuntTVC.swift in Sources */ = {isa = PBXBuildFile; fileRef = 96FC082723EF598E00459450 /* CurrentHuntTVC.swift */; };
		96FC082B23EF598E00459450 /* PokedexTVC.swift in Sources */ = {isa = PBXBuildFile; fileRef = 96FC082823EF598E00459450 /* PokedexTVC.swift */; };
		96FC083223EF59AA00459450 /* ShinyTrackerVC.swift in Sources */ = {isa = PBXBuildFile; fileRef = 96FC082E23EF59AA00459450 /* ShinyTrackerVC.swift */; };
		96FC083323EF59AA00459450 /* LoadingVC.swift in Sources */ = {isa = PBXBuildFile; fileRef = 96FC082F23EF59AA00459450 /* LoadingVC.swift */; };
		96FC083423EF59AA00459450 /* SettingsVC.swift in Sources */ = {isa = PBXBuildFile; fileRef = 96FC083023EF59AA00459450 /* SettingsVC.swift */; };
		96FC083A23EF59C000459450 /* SetEncountersModalVC.swift in Sources */ = {isa = PBXBuildFile; fileRef = 96FC083623EF59BF00459450 /* SetEncountersModalVC.swift */; };
		96FC083B23EF59C000459450 /* InfoModalVC.swift in Sources */ = {isa = PBXBuildFile; fileRef = 96FC083723EF59C000459450 /* InfoModalVC.swift */; };
		96FC083C23EF59C000459450 /* PokeballModalVC.swift in Sources */ = {isa = PBXBuildFile; fileRef = 96FC083823EF59C000459450 /* PokeballModalVC.swift */; };
		96FC083D23EF59C000459450 /* ConfirmationModalVC.swift in Sources */ = {isa = PBXBuildFile; fileRef = 96FC083923EF59C000459450 /* ConfirmationModalVC.swift */; };
/* End PBXBuildFile section */

/* Begin PBXFileReference section */
		9607F773242A8C2900263CF6 /* HuntStateService.swift */ = {isa = PBXFileReference; lastKnownFileType = sourcecode.swift; path = HuntStateService.swift; sourceTree = "<group>"; };
		9607F777242A971000263CF6 /* PokemonService.swift */ = {isa = PBXFileReference; lastKnownFileType = sourcecode.swift; path = PokemonService.swift; sourceTree = "<group>"; };
		9607F779242AA20500263CF6 /* HuntState.swift */ = {isa = PBXFileReference; lastKnownFileType = sourcecode.swift; path = HuntState.swift; sourceTree = "<group>"; };
		9623307123F33C4C00ECB5D5 /* ColorPickerVC.swift */ = {isa = PBXFileReference; lastKnownFileType = sourcecode.swift; path = ColorPickerVC.swift; sourceTree = "<group>"; };
		962E58B62411A69C001D5E41 /* ConfirmationPopup.xib */ = {isa = PBXFileReference; fileEncoding = 4; lastKnownFileType = file.xib; name = ConfirmationPopup.xib; path = ../../../../../ConfirmationPopup.xib; sourceTree = "<group>"; };
		962E58B72411A69C001D5E41 /* PopupView.xib */ = {isa = PBXFileReference; fileEncoding = 4; lastKnownFileType = file.xib; name = PopupView.xib; path = ../../../../../PopupView.xib; sourceTree = "<group>"; };
		962E58B82411A69C001D5E41 /* PopupView.swift */ = {isa = PBXFileReference; fileEncoding = 4; lastKnownFileType = sourcecode.swift; name = PopupView.swift; path = ../../../../../PopupView.swift; sourceTree = "<group>"; };
		962E58B92411A69C001D5E41 /* SetEncountersView.xib */ = {isa = PBXFileReference; fileEncoding = 4; lastKnownFileType = file.xib; name = SetEncountersView.xib; path = ../../../../../SetEncountersView.xib; sourceTree = "<group>"; };
		962E58BA2411A69C001D5E41 /* InfoPopupView.xib */ = {isa = PBXFileReference; fileEncoding = 4; lastKnownFileType = file.xib; name = InfoPopupView.xib; path = ../../../../../InfoPopupView.xib; sourceTree = "<group>"; };
		962E58BB2411A69C001D5E41 /* DoubleVerticalButtonsView.swift */ = {isa = PBXFileReference; fileEncoding = 4; lastKnownFileType = sourcecode.swift; name = DoubleVerticalButtonsView.swift; path = ../../../../../DoubleVerticalButtonsView.swift; sourceTree = "<group>"; };
		962E58BC2411A69C001D5E41 /* DoubleVerticalButtonsView.xib */ = {isa = PBXFileReference; fileEncoding = 4; lastKnownFileType = file.xib; name = DoubleVerticalButtonsView.xib; path = ../../../../../DoubleVerticalButtonsView.xib; sourceTree = "<group>"; };
		962E58BD2411A69C001D5E41 /* ConfirmationPopup.swift */ = {isa = PBXFileReference; fileEncoding = 4; lastKnownFileType = sourcecode.swift; name = ConfirmationPopup.swift; path = ../../../../../ConfirmationPopup.swift; sourceTree = "<group>"; };
		962E58BE2411A69C001D5E41 /* SetEncountersView.swift */ = {isa = PBXFileReference; fileEncoding = 4; lastKnownFileType = sourcecode.swift; name = SetEncountersView.swift; path = ../../../../../SetEncountersView.swift; sourceTree = "<group>"; };
		962E58BF2411A69C001D5E41 /* PokeballIndicatorView.xib */ = {isa = PBXFileReference; fileEncoding = 4; lastKnownFileType = file.xib; name = PokeballIndicatorView.xib; path = ../../../../../PokeballIndicatorView.xib; sourceTree = "<group>"; };
		962E58C02411A69C001D5E41 /* PokeballIndicatorView.swift */ = {isa = PBXFileReference; fileEncoding = 4; lastKnownFileType = sourcecode.swift; name = PokeballIndicatorView.swift; path = ../../../../../PokeballIndicatorView.swift; sourceTree = "<group>"; };
		962E58C12411A69C001D5E41 /* InfoPopupView.swift */ = {isa = PBXFileReference; fileEncoding = 4; lastKnownFileType = sourcecode.swift; name = InfoPopupView.swift; path = ../../../../../InfoPopupView.swift; sourceTree = "<group>"; };
		962E58CE2411A6D6001D5E41 /* ButtonIconRight.swift */ = {isa = PBXFileReference; fileEncoding = 4; lastKnownFileType = sourcecode.swift; path = ButtonIconRight.swift; sourceTree = "<group>"; };
		962E58CF2411A6D7001D5E41 /* ButtonIconRight.xib */ = {isa = PBXFileReference; fileEncoding = 4; lastKnownFileType = file.xib; path = ButtonIconRight.xib; sourceTree = "<group>"; };
		966C210D241038490019F835 /* FontSettingsRepository.swift */ = {isa = PBXFileReference; lastKnownFileType = sourcecode.swift; path = FontSettingsRepository.swift; sourceTree = "<group>"; };
		966C211324103FE30019F835 /* FontSettingsService.swift */ = {isa = PBXFileReference; lastKnownFileType = sourcecode.swift; path = FontSettingsService.swift; sourceTree = "<group>"; };
		966C2117241173D90019F835 /* ColorRepository.swift */ = {isa = PBXFileReference; lastKnownFileType = sourcecode.swift; path = ColorRepository.swift; sourceTree = "<group>"; };
		966C2119241174690019F835 /* ColorService.swift */ = {isa = PBXFileReference; lastKnownFileType = sourcecode.swift; path = ColorService.swift; sourceTree = "<group>"; };
		966C211C24118BC50019F835 /* CurrentHuntService.swift */ = {isa = PBXFileReference; lastKnownFileType = sourcecode.swift; path = CurrentHuntService.swift; sourceTree = "<group>"; };
		9689C72624084CCF0007AD5D /* LGPEOddsService.swift */ = {isa = PBXFileReference; lastKnownFileType = sourcecode.swift; path = LGPEOddsService.swift; sourceTree = "<group>"; };
		9689C72824084DD90007AD5D /* LGPEProbabilityService.swift */ = {isa = PBXFileReference; lastKnownFileType = sourcecode.swift; path = LGPEProbabilityService.swift; sourceTree = "<group>"; };
		9689C72A24084FBC0007AD5D /* SwitchStateService.swift */ = {isa = PBXFileReference; lastKnownFileType = sourcecode.swift; path = SwitchStateService.swift; sourceTree = "<group>"; };
		9689C72C240851DD0007AD5D /* OddsService.swift */ = {isa = PBXFileReference; lastKnownFileType = sourcecode.swift; path = OddsService.swift; sourceTree = "<group>"; };
		9689C72E2408FAB00007AD5D /* Gen8OddsService.swift */ = {isa = PBXFileReference; lastKnownFileType = sourcecode.swift; path = Gen8OddsService.swift; sourceTree = "<group>"; };
		9689C7302409633E0007AD5D /* ProbabilityService.swift */ = {isa = PBXFileReference; lastKnownFileType = sourcecode.swift; path = ProbabilityService.swift; sourceTree = "<group>"; };
		9689C732240965420007AD5D /* Gen8ProbabilityService.swift */ = {isa = PBXFileReference; lastKnownFileType = sourcecode.swift; path = Gen8ProbabilityService.swift; sourceTree = "<group>"; };
		9695A30823EF87BD00287A16 /* Pokemon.swift */ = {isa = PBXFileReference; lastKnownFileType = sourcecode.swift; path = Pokemon.swift; sourceTree = "<group>"; };
		96FC079923EF192400459450 /* ShinyDex.app */ = {isa = PBXFileReference; explicitFileType = wrapper.application; includeInIndex = 0; path = ShinyDex.app; sourceTree = BUILT_PRODUCTS_DIR; };
		96FC079C23EF192400459450 /* AppDelegate.swift */ = {isa = PBXFileReference; lastKnownFileType = sourcecode.swift; path = AppDelegate.swift; sourceTree = "<group>"; };
		96FC07A623EF192400459450 /* ShinyDex.xcdatamodel */ = {isa = PBXFileReference; lastKnownFileType = wrapper.xcdatamodel; path = ShinyDex.xcdatamodel; sourceTree = "<group>"; };
		96FC07A823EF192800459450 /* Assets.xcassets */ = {isa = PBXFileReference; lastKnownFileType = folder.assetcatalog; path = Assets.xcassets; sourceTree = "<group>"; };
		96FC07AB23EF192800459450 /* Base */ = {isa = PBXFileReference; lastKnownFileType = file.storyboard; name = Base; path = Base.lproj/LaunchScreen.storyboard; sourceTree = "<group>"; };
		96FC07AD23EF192800459450 /* Info.plist */ = {isa = PBXFileReference; lastKnownFileType = text.plist.xml; path = Info.plist; sourceTree = "<group>"; };
		96FC07D823EF437C00459450 /* SceneDelegate.swift */ = {isa = PBXFileReference; lastKnownFileType = sourcecode.swift; path = SceneDelegate.swift; sourceTree = "<group>"; };
		96FC07DA23EF455A00459450 /* PokemonRepository.swift */ = {isa = PBXFileReference; lastKnownFileType = sourcecode.swift; path = PokemonRepository.swift; sourceTree = "<group>"; };
		96FC07DE23EF50C700459450 /* TextResolver.swift */ = {isa = PBXFileReference; lastKnownFileType = sourcecode.swift; path = TextResolver.swift; sourceTree = "<group>"; };
		96FC07E023EF511400459450 /* TxtReader.swift */ = {isa = PBXFileReference; lastKnownFileType = sourcecode.swift; path = TxtReader.swift; sourceTree = "<group>"; };
		96FC07E123EF511500459450 /* PopupHandler.swift */ = {isa = PBXFileReference; lastKnownFileType = sourcecode.swift; path = PopupHandler.swift; sourceTree = "<group>"; };
		96FC07E323EF511500459450 /* GifSwift.swift */ = {isa = PBXFileReference; lastKnownFileType = sourcecode.swift; path = GifSwift.swift; sourceTree = "<group>"; };
		96FC07E423EF511500459450 /* Extensions.swift */ = {isa = PBXFileReference; lastKnownFileType = sourcecode.swift; path = Extensions.swift; sourceTree = "<group>"; };
		96FC07E523EF511500459450 /* Resolver.swift */ = {isa = PBXFileReference; lastKnownFileType = sourcecode.swift; path = Resolver.swift; sourceTree = "<group>"; };
		96FC07ED23EF529B00459450 /* pokeballs.txt */ = {isa = PBXFileReference; fileEncoding = 4; lastKnownFileType = text; path = pokeballs.txt; sourceTree = "<group>"; };
		96FC07EE23EF529B00459450 /* allGens.txt */ = {isa = PBXFileReference; fileEncoding = 4; lastKnownFileType = text; path = allGens.txt; sourceTree = "<group>"; };
		96FC07FE23EF57D400459450 /* Main.storyboard */ = {isa = PBXFileReference; fileEncoding = 4; lastKnownFileType = file.storyboard; path = Main.storyboard; sourceTree = "<group>"; };
		96FC080C23EF58A500459450 /* CurrentHuntCellDelegate.swift */ = {isa = PBXFileReference; lastKnownFileType = sourcecode.swift; path = CurrentHuntCellDelegate.swift; sourceTree = "<group>"; };
		96FC080D23EF58A500459450 /* PokemonCellDelegate.swift */ = {isa = PBXFileReference; lastKnownFileType = sourcecode.swift; path = PokemonCellDelegate.swift; sourceTree = "<group>"; };
		96FC080F23EF58A500459450 /* PokeballCell.swift */ = {isa = PBXFileReference; lastKnownFileType = sourcecode.swift; path = PokeballCell.swift; sourceTree = "<group>"; };
		96FC081023EF58A500459450 /* PokemonCell.swift */ = {isa = PBXFileReference; lastKnownFileType = sourcecode.swift; path = PokemonCell.swift; sourceTree = "<group>"; };
		96FC081123EF58A500459450 /* CurrentHuntCell.swift */ = {isa = PBXFileReference; lastKnownFileType = sourcecode.swift; path = CurrentHuntCell.swift; sourceTree = "<group>"; };
		96FC081223EF58A500459450 /* MenuCell.swift */ = {isa = PBXFileReference; lastKnownFileType = sourcecode.swift; path = MenuCell.swift; sourceTree = "<group>"; };
		96FC081423EF58E900459450 /* Pokemon-GB.ttf */ = {isa = PBXFileReference; lastKnownFileType = file; path = "Pokemon-GB.ttf"; sourceTree = "<group>"; };
		96FC081723EF590500459450 /* Pokeball.swift */ = {isa = PBXFileReference; fileEncoding = 4; lastKnownFileType = sourcecode.swift; path = Pokeball.swift; sourceTree = "<group>"; };
		96FC082023EF595700459450 /* HuntStateRepository.swift */ = {isa = PBXFileReference; fileEncoding = 4; lastKnownFileType = sourcecode.swift; path = HuntStateRepository.swift; sourceTree = "<group>"; };
		96FC082123EF595700459450 /* CurrentHuntRepository.swift */ = {isa = PBXFileReference; fileEncoding = 4; lastKnownFileType = sourcecode.swift; path = CurrentHuntRepository.swift; sourceTree = "<group>"; };
		96FC082623EF598E00459450 /* MenuTVC.swift */ = {isa = PBXFileReference; fileEncoding = 4; lastKnownFileType = sourcecode.swift; path = MenuTVC.swift; sourceTree = "<group>"; };
		96FC082723EF598E00459450 /* CurrentHuntTVC.swift */ = {isa = PBXFileReference; fileEncoding = 4; lastKnownFileType = sourcecode.swift; path = CurrentHuntTVC.swift; sourceTree = "<group>"; };
		96FC082823EF598E00459450 /* PokedexTVC.swift */ = {isa = PBXFileReference; fileEncoding = 4; lastKnownFileType = sourcecode.swift; path = PokedexTVC.swift; sourceTree = "<group>"; };
		96FC082E23EF59AA00459450 /* ShinyTrackerVC.swift */ = {isa = PBXFileReference; fileEncoding = 4; lastKnownFileType = sourcecode.swift; path = ShinyTrackerVC.swift; sourceTree = "<group>"; };
		96FC082F23EF59AA00459450 /* LoadingVC.swift */ = {isa = PBXFileReference; fileEncoding = 4; lastKnownFileType = sourcecode.swift; path = LoadingVC.swift; sourceTree = "<group>"; };
		96FC083023EF59AA00459450 /* SettingsVC.swift */ = {isa = PBXFileReference; fileEncoding = 4; lastKnownFileType = sourcecode.swift; path = SettingsVC.swift; sourceTree = "<group>"; };
		96FC083623EF59BF00459450 /* SetEncountersModalVC.swift */ = {isa = PBXFileReference; fileEncoding = 4; lastKnownFileType = sourcecode.swift; path = SetEncountersModalVC.swift; sourceTree = "<group>"; };
		96FC083723EF59C000459450 /* InfoModalVC.swift */ = {isa = PBXFileReference; fileEncoding = 4; lastKnownFileType = sourcecode.swift; path = InfoModalVC.swift; sourceTree = "<group>"; };
		96FC083823EF59C000459450 /* PokeballModalVC.swift */ = {isa = PBXFileReference; fileEncoding = 4; lastKnownFileType = sourcecode.swift; path = PokeballModalVC.swift; sourceTree = "<group>"; };
		96FC083923EF59C000459450 /* ConfirmationModalVC.swift */ = {isa = PBXFileReference; fileEncoding = 4; lastKnownFileType = sourcecode.swift; path = ConfirmationModalVC.swift; sourceTree = "<group>"; };
/* End PBXFileReference section */

/* Begin PBXFrameworksBuildPhase section */
		96FC079623EF192400459450 /* Frameworks */ = {
			isa = PBXFrameworksBuildPhase;
			buildActionMask = 2147483647;
			files = (
				9669E34A23F1DF7D0048C5C5 /* FlexColorPicker in Frameworks */,
			);
			runOnlyForDeploymentPostprocessing = 0;
		};
/* End PBXFrameworksBuildPhase section */

/* Begin PBXGroup section */
		9607F772242A8B9300263CF6 /* HuntState */ = {
			isa = PBXGroup;
			children = (
				96FC082023EF595700459450 /* HuntStateRepository.swift */,
				9607F773242A8C2900263CF6 /* HuntStateService.swift */,
				9607F779242AA20500263CF6 /* HuntState.swift */,
			);
			path = HuntState;
			sourceTree = "<group>";
		};
		962E58B52411A690001D5E41 /* UI */ = {
			isa = PBXGroup;
			children = (
				96FC083E23EF59DA00459450 /* View */,
				96FC082C23EF599900459450 /* ViewController */,
				96FC082523EF596200459450 /* TableViewController */,
			);
			path = UI;
			sourceTree = "<group>";
		};
		964A0B1423EF5E7300BC87B2 /* Pokemon */ = {
			isa = PBXGroup;
			children = (
				96FC07DA23EF455A00459450 /* PokemonRepository.swift */,
				9607F777242A971000263CF6 /* PokemonService.swift */,
				9695A30823EF87BD00287A16 /* Pokemon.swift */,
			);
			path = Pokemon;
			sourceTree = "<group>";
		};
		966C210C241038220019F835 /* Font */ = {
			isa = PBXGroup;
			children = (
				966C210D241038490019F835 /* FontSettingsRepository.swift */,
				966C211324103FE30019F835 /* FontSettingsService.swift */,
			);
			path = Font;
			sourceTree = "<group>";
		};
		966C2115241173B90019F835 /* Theme */ = {
			isa = PBXGroup;
			children = (
				966C2116241173C80019F835 /* Color */,
				966C210C241038220019F835 /* Font */,
			);
			path = Theme;
			sourceTree = "<group>";
		};
		966C2116241173C80019F835 /* Color */ = {
			isa = PBXGroup;
			children = (
				966C2117241173D90019F835 /* ColorRepository.swift */,
				966C2119241174690019F835 /* ColorService.swift */,
			);
			path = Color;
			sourceTree = "<group>";
		};
		966C211B24118BA40019F835 /* CurrentHunt */ = {
			isa = PBXGroup;
			children = (
				96FC082123EF595700459450 /* CurrentHuntRepository.swift */,
				966C211C24118BC50019F835 /* CurrentHuntService.swift */,
			);
			path = CurrentHunt;
			sourceTree = "<group>";
		};
		9689C7342409ACFD0007AD5D /* Probability */ = {
			isa = PBXGroup;
			children = (
				9689C7302409633E0007AD5D /* ProbabilityService.swift */,
				9689C72824084DD90007AD5D /* LGPEProbabilityService.swift */,
				9689C732240965420007AD5D /* Gen8ProbabilityService.swift */,
			);
			path = Probability;
			sourceTree = "<group>";
		};
		9689C7352409AD0A0007AD5D /* Odds */ = {
			isa = PBXGroup;
			children = (
				9689C72C240851DD0007AD5D /* OddsService.swift */,
				9689C72624084CCF0007AD5D /* LGPEOddsService.swift */,
				9689C72E2408FAB00007AD5D /* Gen8OddsService.swift */,
			);
			path = Odds;
			sourceTree = "<group>";
		};
		96FC079023EF192400459450 = {
			isa = PBXGroup;
			children = (
				96FC079B23EF192400459450 /* ShinyDex */,
				96FC079A23EF192400459450 /* Products */,
			);
			sourceTree = "<group>";
		};
		96FC079A23EF192400459450 /* Products */ = {
			isa = PBXGroup;
			children = (
				96FC079923EF192400459450 /* ShinyDex.app */,
			);
			name = Products;
			sourceTree = "<group>";
		};
		96FC079B23EF192400459450 /* ShinyDex */ = {
			isa = PBXGroup;
			children = (
				9607F772242A8B9300263CF6 /* HuntState */,
				966C211B24118BA40019F835 /* CurrentHunt */,
				966C2115241173B90019F835 /* Theme */,
				96FC07FE23EF57D400459450 /* Main.storyboard */,
				96FC079C23EF192400459450 /* AppDelegate.swift */,
				964A0B1423EF5E7300BC87B2 /* Pokemon */,
				962E58B52411A690001D5E41 /* UI */,
				9689C7352409AD0A0007AD5D /* Odds */,
				9689C7342409ACFD0007AD5D /* Probability */,
				96FC081623EF58F200459450 /* Pokeball */,
				96FC081323EF58C400459450 /* fonts */,
				96FC080A23EF589000459450 /* Custom Cell */,
				96FC080923EF584300459450 /* Utility */,
				96FC085723EF59F400459450 /* TextFile */,
				96FC07A823EF192800459450 /* Assets.xcassets */,
				96FC07AA23EF192800459450 /* LaunchScreen.storyboard */,
				96FC07AD23EF192800459450 /* Info.plist */,
				96FC07A523EF192400459450 /* ShinyDex.xcdatamodeld */,
				96FC07D823EF437C00459450 /* SceneDelegate.swift */,
			);
			path = ShinyDex;
			sourceTree = "<group>";
		};
		96FC080923EF584300459450 /* Utility */ = {
			isa = PBXGroup;
			children = (
				96FC07E423EF511500459450 /* Extensions.swift */,
				96FC07E323EF511500459450 /* GifSwift.swift */,
				96FC07E123EF511500459450 /* PopupHandler.swift */,
				96FC07E523EF511500459450 /* Resolver.swift */,
				96FC07E023EF511400459450 /* TxtReader.swift */,
				96FC07DE23EF50C700459450 /* TextResolver.swift */,
				9689C72A24084FBC0007AD5D /* SwitchStateService.swift */,
			);
			path = Utility;
			sourceTree = "<group>";
		};
		96FC080A23EF589000459450 /* Custom Cell */ = {
			isa = PBXGroup;
			children = (
				96FC080B23EF58A500459450 /* CellDelegates */,
				96FC080E23EF58A500459450 /* Cells */,
			);
			path = "Custom Cell";
			sourceTree = "<group>";
		};
		96FC080B23EF58A500459450 /* CellDelegates */ = {
			isa = PBXGroup;
			children = (
				96FC080C23EF58A500459450 /* CurrentHuntCellDelegate.swift */,
				96FC080D23EF58A500459450 /* PokemonCellDelegate.swift */,
			);
			path = CellDelegates;
			sourceTree = "<group>";
		};
		96FC080E23EF58A500459450 /* Cells */ = {
			isa = PBXGroup;
			children = (
				96FC080F23EF58A500459450 /* PokeballCell.swift */,
				96FC081023EF58A500459450 /* PokemonCell.swift */,
				96FC081123EF58A500459450 /* CurrentHuntCell.swift */,
				96FC081223EF58A500459450 /* MenuCell.swift */,
			);
			path = Cells;
			sourceTree = "<group>";
		};
		96FC081323EF58C400459450 /* fonts */ = {
			isa = PBXGroup;
			children = (
				96FC081423EF58E900459450 /* Pokemon-GB.ttf */,
			);
			path = fonts;
			sourceTree = "<group>";
		};
		96FC081623EF58F200459450 /* Pokeball */ = {
			isa = PBXGroup;
			children = (
				96FC081723EF590500459450 /* Pokeball.swift */,
			);
			path = Pokeball;
			sourceTree = "<group>";
		};
		96FC082523EF596200459450 /* TableViewController */ = {
			isa = PBXGroup;
			children = (
				96FC082723EF598E00459450 /* CurrentHuntTVC.swift */,
				96FC082623EF598E00459450 /* MenuTVC.swift */,
				96FC082823EF598E00459450 /* PokedexTVC.swift */,
			);
			path = TableViewController;
			sourceTree = "<group>";
		};
		96FC082C23EF599900459450 /* ViewController */ = {
			isa = PBXGroup;
			children = (
				96FC083523EF59B600459450 /* Modal */,
				96FC082F23EF59AA00459450 /* LoadingVC.swift */,
				96FC083023EF59AA00459450 /* SettingsVC.swift */,
				96FC082E23EF59AA00459450 /* ShinyTrackerVC.swift */,
				9623307123F33C4C00ECB5D5 /* ColorPickerVC.swift */,
			);
			path = ViewController;
			sourceTree = "<group>";
		};
		96FC083523EF59B600459450 /* Modal */ = {
			isa = PBXGroup;
			children = (
				96FC083923EF59C000459450 /* ConfirmationModalVC.swift */,
				96FC083723EF59C000459450 /* InfoModalVC.swift */,
				96FC083823EF59C000459450 /* PokeballModalVC.swift */,
				96FC083623EF59BF00459450 /* SetEncountersModalVC.swift */,
			);
			path = Modal;
			sourceTree = "<group>";
		};
		96FC083E23EF59DA00459450 /* View */ = {
			isa = PBXGroup;
			children = (
				962E58BD2411A69C001D5E41 /* ConfirmationPopup.swift */,
				962E58B62411A69C001D5E41 /* ConfirmationPopup.xib */,
				962E58BB2411A69C001D5E41 /* DoubleVerticalButtonsView.swift */,
				962E58BC2411A69C001D5E41 /* DoubleVerticalButtonsView.xib */,
				962E58C12411A69C001D5E41 /* InfoPopupView.swift */,
				962E58BA2411A69C001D5E41 /* InfoPopupView.xib */,
				962E58C02411A69C001D5E41 /* PokeballIndicatorView.swift */,
				962E58BF2411A69C001D5E41 /* PokeballIndicatorView.xib */,
				962E58B82411A69C001D5E41 /* PopupView.swift */,
				962E58B72411A69C001D5E41 /* PopupView.xib */,
				962E58BE2411A69C001D5E41 /* SetEncountersView.swift */,
				962E58B92411A69C001D5E41 /* SetEncountersView.xib */,
				962E58CE2411A6D6001D5E41 /* ButtonIconRight.swift */,
				962E58CF2411A6D7001D5E41 /* ButtonIconRight.xib */,
			);
			path = View;
			sourceTree = "<group>";
		};
		96FC085723EF59F400459450 /* TextFile */ = {
			isa = PBXGroup;
			children = (
				96FC07EE23EF529B00459450 /* allGens.txt */,
				96FC07ED23EF529B00459450 /* pokeballs.txt */,
			);
			path = TextFile;
			sourceTree = "<group>";
		};
/* End PBXGroup section */

/* Begin PBXNativeTarget section */
		96FC079823EF192400459450 /* ShinyDex */ = {
			isa = PBXNativeTarget;
			buildConfigurationList = 96FC07B023EF192800459450 /* Build configuration list for PBXNativeTarget "ShinyDex" */;
			buildPhases = (
				96FC079523EF192400459450 /* Sources */,
				96FC079623EF192400459450 /* Frameworks */,
				96FC079723EF192400459450 /* Resources */,
			);
			buildRules = (
			);
			dependencies = (
			);
			name = ShinyDex;
			packageProductDependencies = (
				9669E34923F1DF7D0048C5C5 /* FlexColorPicker */,
			);
			productName = ShinyDex;
			productReference = 96FC079923EF192400459450 /* ShinyDex.app */;
			productType = "com.apple.product-type.application";
		};
/* End PBXNativeTarget section */

/* Begin PBXProject section */
		96FC079123EF192400459450 /* Project object */ = {
			isa = PBXProject;
			attributes = {
				LastSwiftUpdateCheck = 1130;
				LastUpgradeCheck = 1130;
				ORGANIZATIONNAME = "Sebastian Christiansen";
				TargetAttributes = {
					96FC079823EF192400459450 = {
						CreatedOnToolsVersion = 11.3.1;
					};
				};
			};
			buildConfigurationList = 96FC079423EF192400459450 /* Build configuration list for PBXProject "ShinyDex" */;
			compatibilityVersion = "Xcode 9.3";
			developmentRegion = en;
			hasScannedForEncodings = 0;
			knownRegions = (
				en,
				Base,
			);
			mainGroup = 96FC079023EF192400459450;
			packageReferences = (
				9669E34823F1DF7D0048C5C5 /* XCRemoteSwiftPackageReference "FlexColorPicker" */,
			);
			productRefGroup = 96FC079A23EF192400459450 /* Products */;
			projectDirPath = "";
			projectRoot = "";
			targets = (
				96FC079823EF192400459450 /* ShinyDex */,
			);
		};
/* End PBXProject section */

/* Begin PBXResourcesBuildPhase section */
		96FC079723EF192400459450 /* Resources */ = {
			isa = PBXResourcesBuildPhase;
			buildActionMask = 2147483647;
			files = (
				962E58CB2411A69C001D5E41 /* PokeballIndicatorView.xib in Resources */,
				96FC07EF23EF529B00459450 /* pokeballs.txt in Resources */,
				962E58C22411A69C001D5E41 /* ConfirmationPopup.xib in Resources */,
				96FC07F023EF529B00459450 /* allGens.txt in Resources */,
				96FC080723EF57D500459450 /* Main.storyboard in Resources */,
				96FC081523EF58E900459450 /* Pokemon-GB.ttf in Resources */,
				962E58D12411A6D7001D5E41 /* ButtonIconRight.xib in Resources */,
				962E58C32411A69C001D5E41 /* PopupView.xib in Resources */,
				96FC07AC23EF192800459450 /* LaunchScreen.storyboard in Resources */,
				962E58C52411A69C001D5E41 /* SetEncountersView.xib in Resources */,
				96FC07A923EF192800459450 /* Assets.xcassets in Resources */,
				962E58C82411A69C001D5E41 /* DoubleVerticalButtonsView.xib in Resources */,
				962E58C62411A69C001D5E41 /* InfoPopupView.xib in Resources */,
			);
			runOnlyForDeploymentPostprocessing = 0;
		};
/* End PBXResourcesBuildPhase section */

/* Begin PBXSourcesBuildPhase section */
		96FC079523EF192400459450 /* Sources */ = {
			isa = PBXSourcesBuildPhase;
			buildActionMask = 2147483647;
			files = (
				96FC07A723EF192400459450 /* ShinyDex.xcdatamodeld in Sources */,
				9689C72B24084FBC0007AD5D /* SwitchStateService.swift in Sources */,
				96FC07E923EF511500459450 /* TxtReader.swift in Sources */,
				964A0B1223EF5E0700BC87B2 /* CurrentHuntCell.swift in Sources */,
				966C211424103FE30019F835 /* FontSettingsService.swift in Sources */,
				96FC07E623EF511500459450 /* GifSwift.swift in Sources */,
				962E58CD2411A69C001D5E41 /* InfoPopupView.swift in Sources */,
				96FC07DB23EF455A00459450 /* PokemonRepository.swift in Sources */,
				9689C72F2408FAB00007AD5D /* Gen8OddsService.swift in Sources */,
				9695A30923EF87BD00287A16 /* Pokemon.swift in Sources */,
				96FC082B23EF598E00459450 /* PokedexTVC.swift in Sources */,
				964A0B1123EF5E0600BC87B2 /* PokemonCell.swift in Sources */,
				96FC083A23EF59C000459450 /* SetEncountersModalVC.swift in Sources */,
				966C2118241173D90019F835 /* ColorRepository.swift in Sources */,
				9689C72D240851DD0007AD5D /* OddsService.swift in Sources */,
				96FC081923EF590500459450 /* Pokeball.swift in Sources */,
				962E58CA2411A69C001D5E41 /* SetEncountersView.swift in Sources */,
				96FC07E823EF511500459450 /* Resolver.swift in Sources */,
				96FC082423EF595800459450 /* CurrentHuntRepository.swift in Sources */,
				9607F776242A92D000263CF6 /* HuntStateService.swift in Sources */,
				962E58C72411A69C001D5E41 /* DoubleVerticalButtonsView.swift in Sources */,
				9689C733240965420007AD5D /* Gen8ProbabilityService.swift in Sources */,
				964A0B1023EF5E0400BC87B2 /* PokeballCell.swift in Sources */,
				96FC083B23EF59C000459450 /* InfoModalVC.swift in Sources */,
				96FC07EA23EF511500459450 /* PopupHandler.swift in Sources */,
				962E58CC2411A69C001D5E41 /* PokeballIndicatorView.swift in Sources */,
				96FC082923EF598E00459450 /* MenuTVC.swift in Sources */,
				9607F775242A92C900263CF6 /* HuntStateRepository.swift in Sources */,
				9623307223F33C4C00ECB5D5 /* ColorPickerVC.swift in Sources */,
				964A0B1323EF5E0900BC87B2 /* MenuCell.swift in Sources */,
				966C211D24118BC50019F835 /* CurrentHuntService.swift in Sources */,
				96FC07E723EF511500459450 /* Extensions.swift in Sources */,
				9689C72724084CCF0007AD5D /* LGPEOddsService.swift in Sources */,
				96FC079D23EF192400459450 /* AppDelegate.swift in Sources */,
				962E58D02411A6D7001D5E41 /* ButtonIconRight.swift in Sources */,
				964A0B0E23EF5DFB00BC87B2 /* CurrentHuntCellDelegate.swift in Sources */,
				9607F77A242AA20500263CF6 /* HuntState.swift in Sources */,
				96FC083223EF59AA00459450 /* ShinyTrackerVC.swift in Sources */,
				96FC083C23EF59C000459450 /* PokeballModalVC.swift in Sources */,
				9689C72924084DD90007AD5D /* LGPEProbabilityService.swift in Sources */,
				962E58C42411A69C001D5E41 /* PopupView.swift in Sources */,
				96FC07DF23EF50C700459450 /* TextResolver.swift in Sources */,
				9607F778242A971000263CF6 /* PokemonService.swift in Sources */,
				96FC07D923EF437C00459450 /* SceneDelegate.swift in Sources */,
				96FC083D23EF59C000459450 /* ConfirmationModalVC.swift in Sources */,
				96FC083423EF59AA00459450 /* SettingsVC.swift in Sources */,
				96FC082A23EF598E00459450 /* CurrentHuntTVC.swift in Sources */,
				9689C7312409633E0007AD5D /* ProbabilityService.swift in Sources */,
				966C210E241038490019F835 /* FontSettingsRepository.swift in Sources */,
				96FC083323EF59AA00459450 /* LoadingVC.swift in Sources */,
				962E58C92411A69C001D5E41 /* ConfirmationPopup.swift in Sources */,
				964A0B0F23EF5DFE00BC87B2 /* PokemonCellDelegate.swift in Sources */,
				966C211A241174690019F835 /* ColorService.swift in Sources */,
			);
			runOnlyForDeploymentPostprocessing = 0;
		};
/* End PBXSourcesBuildPhase section */

/* Begin PBXVariantGroup section */
		96FC07AA23EF192800459450 /* LaunchScreen.storyboard */ = {
			isa = PBXVariantGroup;
			children = (
				96FC07AB23EF192800459450 /* Base */,
			);
			name = LaunchScreen.storyboard;
			sourceTree = "<group>";
		};
/* End PBXVariantGroup section */

/* Begin XCBuildConfiguration section */
		96FC07AE23EF192800459450 /* Debug */ = {
			isa = XCBuildConfiguration;
			buildSettings = {
				ALWAYS_SEARCH_USER_PATHS = NO;
				CLANG_ANALYZER_NONNULL = YES;
				CLANG_ANALYZER_NUMBER_OBJECT_CONVERSION = YES_AGGRESSIVE;
				CLANG_CXX_LANGUAGE_STANDARD = "gnu++14";
				CLANG_CXX_LIBRARY = "libc++";
				CLANG_ENABLE_MODULES = YES;
				CLANG_ENABLE_OBJC_ARC = YES;
				CLANG_ENABLE_OBJC_WEAK = YES;
				CLANG_WARN_BLOCK_CAPTURE_AUTORELEASING = YES;
				CLANG_WARN_BOOL_CONVERSION = YES;
				CLANG_WARN_COMMA = YES;
				CLANG_WARN_CONSTANT_CONVERSION = YES;
				CLANG_WARN_DEPRECATED_OBJC_IMPLEMENTATIONS = YES;
				CLANG_WARN_DIRECT_OBJC_ISA_USAGE = YES_ERROR;
				CLANG_WARN_DOCUMENTATION_COMMENTS = YES;
				CLANG_WARN_EMPTY_BODY = YES;
				CLANG_WARN_ENUM_CONVERSION = YES;
				CLANG_WARN_INFINITE_RECURSION = YES;
				CLANG_WARN_INT_CONVERSION = YES;
				CLANG_WARN_NON_LITERAL_NULL_CONVERSION = YES;
				CLANG_WARN_OBJC_IMPLICIT_RETAIN_SELF = YES;
				CLANG_WARN_OBJC_LITERAL_CONVERSION = YES;
				CLANG_WARN_OBJC_ROOT_CLASS = YES_ERROR;
				CLANG_WARN_RANGE_LOOP_ANALYSIS = YES;
				CLANG_WARN_STRICT_PROTOTYPES = YES;
				CLANG_WARN_SUSPICIOUS_MOVE = YES;
				CLANG_WARN_UNGUARDED_AVAILABILITY = YES_AGGRESSIVE;
				CLANG_WARN_UNREACHABLE_CODE = YES;
				CLANG_WARN__DUPLICATE_METHOD_MATCH = YES;
				COPY_PHASE_STRIP = NO;
				DEBUG_INFORMATION_FORMAT = dwarf;
				ENABLE_STRICT_OBJC_MSGSEND = YES;
				ENABLE_TESTABILITY = YES;
				GCC_C_LANGUAGE_STANDARD = gnu11;
				GCC_DYNAMIC_NO_PIC = NO;
				GCC_NO_COMMON_BLOCKS = YES;
				GCC_OPTIMIZATION_LEVEL = 0;
				GCC_PREPROCESSOR_DEFINITIONS = (
					"DEBUG=1",
					"$(inherited)",
				);
				GCC_WARN_64_TO_32_BIT_CONVERSION = YES;
				GCC_WARN_ABOUT_RETURN_TYPE = YES_ERROR;
				GCC_WARN_UNDECLARED_SELECTOR = YES;
				GCC_WARN_UNINITIALIZED_AUTOS = YES_AGGRESSIVE;
				GCC_WARN_UNUSED_FUNCTION = YES;
				GCC_WARN_UNUSED_VARIABLE = YES;
				IPHONEOS_DEPLOYMENT_TARGET = 13.2;
				MTL_ENABLE_DEBUG_INFO = INCLUDE_SOURCE;
				MTL_FAST_MATH = YES;
				ONLY_ACTIVE_ARCH = YES;
				SDKROOT = iphoneos;
				SWIFT_ACTIVE_COMPILATION_CONDITIONS = DEBUG;
				SWIFT_OPTIMIZATION_LEVEL = "-Onone";
			};
			name = Debug;
		};
		96FC07AF23EF192800459450 /* Release */ = {
			isa = XCBuildConfiguration;
			buildSettings = {
				ALWAYS_SEARCH_USER_PATHS = NO;
				CLANG_ANALYZER_NONNULL = YES;
				CLANG_ANALYZER_NUMBER_OBJECT_CONVERSION = YES_AGGRESSIVE;
				CLANG_CXX_LANGUAGE_STANDARD = "gnu++14";
				CLANG_CXX_LIBRARY = "libc++";
				CLANG_ENABLE_MODULES = YES;
				CLANG_ENABLE_OBJC_ARC = YES;
				CLANG_ENABLE_OBJC_WEAK = YES;
				CLANG_WARN_BLOCK_CAPTURE_AUTORELEASING = YES;
				CLANG_WARN_BOOL_CONVERSION = YES;
				CLANG_WARN_COMMA = YES;
				CLANG_WARN_CONSTANT_CONVERSION = YES;
				CLANG_WARN_DEPRECATED_OBJC_IMPLEMENTATIONS = YES;
				CLANG_WARN_DIRECT_OBJC_ISA_USAGE = YES_ERROR;
				CLANG_WARN_DOCUMENTATION_COMMENTS = YES;
				CLANG_WARN_EMPTY_BODY = YES;
				CLANG_WARN_ENUM_CONVERSION = YES;
				CLANG_WARN_INFINITE_RECURSION = YES;
				CLANG_WARN_INT_CONVERSION = YES;
				CLANG_WARN_NON_LITERAL_NULL_CONVERSION = YES;
				CLANG_WARN_OBJC_IMPLICIT_RETAIN_SELF = YES;
				CLANG_WARN_OBJC_LITERAL_CONVERSION = YES;
				CLANG_WARN_OBJC_ROOT_CLASS = YES_ERROR;
				CLANG_WARN_RANGE_LOOP_ANALYSIS = YES;
				CLANG_WARN_STRICT_PROTOTYPES = YES;
				CLANG_WARN_SUSPICIOUS_MOVE = YES;
				CLANG_WARN_UNGUARDED_AVAILABILITY = YES_AGGRESSIVE;
				CLANG_WARN_UNREACHABLE_CODE = YES;
				CLANG_WARN__DUPLICATE_METHOD_MATCH = YES;
				COPY_PHASE_STRIP = NO;
				DEBUG_INFORMATION_FORMAT = "dwarf-with-dsym";
				ENABLE_NS_ASSERTIONS = NO;
				ENABLE_STRICT_OBJC_MSGSEND = YES;
				GCC_C_LANGUAGE_STANDARD = gnu11;
				GCC_NO_COMMON_BLOCKS = YES;
				GCC_WARN_64_TO_32_BIT_CONVERSION = YES;
				GCC_WARN_ABOUT_RETURN_TYPE = YES_ERROR;
				GCC_WARN_UNDECLARED_SELECTOR = YES;
				GCC_WARN_UNINITIALIZED_AUTOS = YES_AGGRESSIVE;
				GCC_WARN_UNUSED_FUNCTION = YES;
				GCC_WARN_UNUSED_VARIABLE = YES;
				IPHONEOS_DEPLOYMENT_TARGET = 13.2;
				MTL_ENABLE_DEBUG_INFO = NO;
				MTL_FAST_MATH = YES;
				SDKROOT = iphoneos;
				SWIFT_COMPILATION_MODE = wholemodule;
				SWIFT_OPTIMIZATION_LEVEL = "-O";
				VALIDATE_PRODUCT = YES;
			};
			name = Release;
		};
		96FC07B123EF192800459450 /* Debug */ = {
			isa = XCBuildConfiguration;
			buildSettings = {
				ASSETCATALOG_COMPILER_APPICON_NAME = AppIcon;
				CODE_SIGN_STYLE = Automatic;
				DEVELOPMENT_TEAM = SVU6FF2PL3;
				INFOPLIST_FILE = ShinyDex/Info.plist;
				LD_RUNPATH_SEARCH_PATHS = (
					"$(inherited)",
					"@executable_path/Frameworks",
				);
				PRODUCT_BUNDLE_IDENTIFIER = SRC.ShinyDex;
				PRODUCT_NAME = "$(TARGET_NAME)";
				SWIFT_VERSION = 5.0;
				TARGETED_DEVICE_FAMILY = "1,2";
			};
			name = Debug;
		};
		96FC07B223EF192800459450 /* Release */ = {
			isa = XCBuildConfiguration;
			buildSettings = {
				ASSETCATALOG_COMPILER_APPICON_NAME = AppIcon;
				CODE_SIGN_STYLE = Automatic;
				DEVELOPMENT_TEAM = SVU6FF2PL3;
				INFOPLIST_FILE = ShinyDex/Info.plist;
				LD_RUNPATH_SEARCH_PATHS = (
					"$(inherited)",
					"@executable_path/Frameworks",
				);
				PRODUCT_BUNDLE_IDENTIFIER = SRC.ShinyDex;
				PRODUCT_NAME = "$(TARGET_NAME)";
				SWIFT_VERSION = 5.0;
				TARGETED_DEVICE_FAMILY = "1,2";
			};
			name = Release;
		};
/* End XCBuildConfiguration section */

/* Begin XCConfigurationList section */
		96FC079423EF192400459450 /* Build configuration list for PBXProject "ShinyDex" */ = {
			isa = XCConfigurationList;
			buildConfigurations = (
				96FC07AE23EF192800459450 /* Debug */,
				96FC07AF23EF192800459450 /* Release */,
			);
			defaultConfigurationIsVisible = 0;
			defaultConfigurationName = Release;
		};
		96FC07B023EF192800459450 /* Build configuration list for PBXNativeTarget "ShinyDex" */ = {
			isa = XCConfigurationList;
			buildConfigurations = (
				96FC07B123EF192800459450 /* Debug */,
				96FC07B223EF192800459450 /* Release */,
			);
			defaultConfigurationIsVisible = 0;
			defaultConfigurationName = Release;
		};
/* End XCConfigurationList section */

/* Begin XCRemoteSwiftPackageReference section */
		9669E34823F1DF7D0048C5C5 /* XCRemoteSwiftPackageReference "FlexColorPicker" */ = {
			isa = XCRemoteSwiftPackageReference;
			repositoryURL = "https://github.com/RastislavMirek/FlexColorPicker";
			requirement = {
				kind = upToNextMajorVersion;
				minimumVersion = 1.3.1;
			};
		};
/* End XCRemoteSwiftPackageReference section */

/* Begin XCSwiftPackageProductDependency section */
		9669E34923F1DF7D0048C5C5 /* FlexColorPicker */ = {
			isa = XCSwiftPackageProductDependency;
			package = 9669E34823F1DF7D0048C5C5 /* XCRemoteSwiftPackageReference "FlexColorPicker" */;
			productName = FlexColorPicker;
		};
/* End XCSwiftPackageProductDependency section */

/* Begin XCVersionGroup section */
		96FC07A523EF192400459450 /* ShinyDex.xcdatamodeld */ = {
			isa = XCVersionGroup;
			children = (
				96FC07A623EF192400459450 /* ShinyDex.xcdatamodel */,
			);
			currentVersion = 96FC07A623EF192400459450 /* ShinyDex.xcdatamodel */;
			path = ShinyDex.xcdatamodeld;
			sourceTree = "<group>";
			versionGroupType = wrapper.xcdatamodel;
		};
/* End XCVersionGroup section */
	};
	rootObject = 96FC079123EF192400459450 /* Project object */;
}
