// !$*UTF8*$!
{
	archiveVersion = 1;
	classes = {
	};
	objectVersion = 50;
	objects = {

/* Begin PBXBuildFile section */
		96FC079D23EF192400459450 /* AppDelegate.swift in Sources */ = {isa = PBXBuildFile; fileRef = 96FC079C23EF192400459450 /* AppDelegate.swift */; };
		96FC07A423EF192400459450 /* Main.storyboard in Resources */ = {isa = PBXBuildFile; fileRef = 96FC07A223EF192400459450 /* Main.storyboard */; };
		96FC07A723EF192400459450 /* ShinyDex.xcdatamodeld in Sources */ = {isa = PBXBuildFile; fileRef = 96FC07A523EF192400459450 /* ShinyDex.xcdatamodeld */; };
		96FC07A923EF192800459450 /* Assets.xcassets in Resources */ = {isa = PBXBuildFile; fileRef = 96FC07A823EF192800459450 /* Assets.xcassets */; };
		96FC07AC23EF192800459450 /* LaunchScreen.storyboard in Resources */ = {isa = PBXBuildFile; fileRef = 96FC07AA23EF192800459450 /* LaunchScreen.storyboard */; };
		96FC07B423EF19F300459450 /* TableViewController.swift in Sources */ = {isa = PBXBuildFile; fileRef = 96FC07B323EF19F300459450 /* TableViewController.swift */; };
		96FC07D923EF437C00459450 /* SceneDelegate.swift in Sources */ = {isa = PBXBuildFile; fileRef = 96FC07D823EF437C00459450 /* SceneDelegate.swift */; };
		96FC07DB23EF455A00459450 /* PokemonRepository.swift in Sources */ = {isa = PBXBuildFile; fileRef = 96FC07DA23EF455A00459450 /* PokemonRepository.swift */; };
		96FC07DF23EF50C700459450 /* TextResolver.swift in Sources */ = {isa = PBXBuildFile; fileRef = 96FC07DE23EF50C700459450 /* TextResolver.swift */; };
		96FC07E623EF511500459450 /* GifSwift.swift in Sources */ = {isa = PBXBuildFile; fileRef = 96FC07E323EF511500459450 /* GifSwift.swift */; };
		96FC07E723EF511500459450 /* Extensions.swift in Sources */ = {isa = PBXBuildFile; fileRef = 96FC07E423EF511500459450 /* Extensions.swift */; };
		96FC07E823EF511500459450 /* Resolver.swift in Sources */ = {isa = PBXBuildFile; fileRef = 96FC07E523EF511500459450 /* Resolver.swift */; };
		96FC07E923EF511500459450 /* TxtReader.swift in Sources */ = {isa = PBXBuildFile; fileRef = 96FC07E023EF511400459450 /* TxtReader.swift */; };
		96FC07EA23EF511500459450 /* PopupHandler.swift in Sources */ = {isa = PBXBuildFile; fileRef = 96FC07E123EF511500459450 /* PopupHandler.swift */; };
		96FC07EB23EF511500459450 /* OddsResolver.swift in Sources */ = {isa = PBXBuildFile; fileRef = 96FC07E223EF511500459450 /* OddsResolver.swift */; };
		96FC07EF23EF529B00459450 /* pokeballs.txt in Resources */ = {isa = PBXBuildFile; fileRef = 96FC07ED23EF529B00459450 /* pokeballs.txt */; };
		96FC07F023EF529B00459450 /* allGens.txt in Resources */ = {isa = PBXBuildFile; fileRef = 96FC07EE23EF529B00459450 /* allGens.txt */; };
/* End PBXBuildFile section */

/* Begin PBXFileReference section */
		96FC079923EF192400459450 /* ShinyDex.app */ = {isa = PBXFileReference; explicitFileType = wrapper.application; includeInIndex = 0; path = ShinyDex.app; sourceTree = BUILT_PRODUCTS_DIR; };
		96FC079C23EF192400459450 /* AppDelegate.swift */ = {isa = PBXFileReference; lastKnownFileType = sourcecode.swift; path = AppDelegate.swift; sourceTree = "<group>"; };
		96FC07A323EF192400459450 /* Base */ = {isa = PBXFileReference; lastKnownFileType = file.storyboard; name = Base; path = Base.lproj/Main.storyboard; sourceTree = "<group>"; };
		96FC07A623EF192400459450 /* ShinyDex.xcdatamodel */ = {isa = PBXFileReference; lastKnownFileType = wrapper.xcdatamodel; path = ShinyDex.xcdatamodel; sourceTree = "<group>"; };
		96FC07A823EF192800459450 /* Assets.xcassets */ = {isa = PBXFileReference; lastKnownFileType = folder.assetcatalog; path = Assets.xcassets; sourceTree = "<group>"; };
		96FC07AB23EF192800459450 /* Base */ = {isa = PBXFileReference; lastKnownFileType = file.storyboard; name = Base; path = Base.lproj/LaunchScreen.storyboard; sourceTree = "<group>"; };
		96FC07AD23EF192800459450 /* Info.plist */ = {isa = PBXFileReference; lastKnownFileType = text.plist.xml; path = Info.plist; sourceTree = "<group>"; };
		96FC07B323EF19F300459450 /* TableViewController.swift */ = {isa = PBXFileReference; lastKnownFileType = sourcecode.swift; path = TableViewController.swift; sourceTree = "<group>"; };
		96FC07D823EF437C00459450 /* SceneDelegate.swift */ = {isa = PBXFileReference; lastKnownFileType = sourcecode.swift; path = SceneDelegate.swift; sourceTree = "<group>"; };
		96FC07DA23EF455A00459450 /* PokemonRepository.swift */ = {isa = PBXFileReference; lastKnownFileType = sourcecode.swift; path = PokemonRepository.swift; sourceTree = "<group>"; };
		96FC07DE23EF50C700459450 /* TextResolver.swift */ = {isa = PBXFileReference; lastKnownFileType = sourcecode.swift; path = TextResolver.swift; sourceTree = "<group>"; };
		96FC07E023EF511400459450 /* TxtReader.swift */ = {isa = PBXFileReference; lastKnownFileType = sourcecode.swift; path = TxtReader.swift; sourceTree = "<group>"; };
		96FC07E123EF511500459450 /* PopupHandler.swift */ = {isa = PBXFileReference; lastKnownFileType = sourcecode.swift; path = PopupHandler.swift; sourceTree = "<group>"; };
		96FC07E223EF511500459450 /* OddsResolver.swift */ = {isa = PBXFileReference; lastKnownFileType = sourcecode.swift; path = OddsResolver.swift; sourceTree = "<group>"; };
		96FC07E323EF511500459450 /* GifSwift.swift */ = {isa = PBXFileReference; lastKnownFileType = sourcecode.swift; path = GifSwift.swift; sourceTree = "<group>"; };
		96FC07E423EF511500459450 /* Extensions.swift */ = {isa = PBXFileReference; lastKnownFileType = sourcecode.swift; path = Extensions.swift; sourceTree = "<group>"; };
		96FC07E523EF511500459450 /* Resolver.swift */ = {isa = PBXFileReference; lastKnownFileType = sourcecode.swift; path = Resolver.swift; sourceTree = "<group>"; };
		96FC07ED23EF529B00459450 /* pokeballs.txt */ = {isa = PBXFileReference; fileEncoding = 4; lastKnownFileType = text; path = pokeballs.txt; sourceTree = "<group>"; };
		96FC07EE23EF529B00459450 /* allGens.txt */ = {isa = PBXFileReference; fileEncoding = 4; lastKnownFileType = text; path = allGens.txt; sourceTree = "<group>"; };
/* End PBXFileReference section */

/* Begin PBXFrameworksBuildPhase section */
		96FC079623EF192400459450 /* Frameworks */ = {
			isa = PBXFrameworksBuildPhase;
			buildActionMask = 2147483647;
			files = (
			);
			runOnlyForDeploymentPostprocessing = 0;
		};
/* End PBXFrameworksBuildPhase section */

/* Begin PBXGroup section */
		96FC079023EF192400459450 = {
			isa = PBXGroup;
			children = (
				96FC079B23EF192400459450 /* ShinyDex */,
				96FC079A23EF192400459450 /* Products */,
			);
			sourceTree = "<group>";
		};
		96FC079A23EF192400459450 /* Products */ = {
			isa = PBXGroup;
			children = (
				96FC079923EF192400459450 /* ShinyDex.app */,
			);
			name = Products;
			sourceTree = "<group>";
		};
		96FC079B23EF192400459450 /* ShinyDex */ = {
			isa = PBXGroup;
			children = (
				96FC07EE23EF529B00459450 /* allGens.txt */,
				96FC07ED23EF529B00459450 /* pokeballs.txt */,
				96FC07E423EF511500459450 /* Extensions.swift */,
				96FC07E323EF511500459450 /* GifSwift.swift */,
				96FC07E223EF511500459450 /* OddsResolver.swift */,
				96FC07E123EF511500459450 /* PopupHandler.swift */,
				96FC07E523EF511500459450 /* Resolver.swift */,
				96FC07E023EF511400459450 /* TxtReader.swift */,
				96FC07DE23EF50C700459450 /* TextResolver.swift */,
				96FC079C23EF192400459450 /* AppDelegate.swift */,
				96FC07A223EF192400459450 /* Main.storyboard */,
				96FC07B323EF19F300459450 /* TableViewController.swift */,
				96FC07A823EF192800459450 /* Assets.xcassets */,
				96FC07AA23EF192800459450 /* LaunchScreen.storyboard */,
				96FC07AD23EF192800459450 /* Info.plist */,
				96FC07A523EF192400459450 /* ShinyDex.xcdatamodeld */,
				96FC07D823EF437C00459450 /* SceneDelegate.swift */,
				96FC07DA23EF455A00459450 /* PokemonRepository.swift */,
			);
			path = ShinyDex;
			sourceTree = "<group>";
		};
/* End PBXGroup section */

/* Begin PBXNativeTarget section */
		96FC079823EF192400459450 /* ShinyDex */ = {
			isa = PBXNativeTarget;
			buildConfigurationList = 96FC07B023EF192800459450 /* Build configuration list for PBXNativeTarget "ShinyDex" */;
			buildPhases = (
				96FC079523EF192400459450 /* Sources */,
				96FC079623EF192400459450 /* Frameworks */,
				96FC079723EF192400459450 /* Resources */,
			);
			buildRules = (
			);
			dependencies = (
			);
			name = ShinyDex;
			productName = ShinyDex;
			productReference = 96FC079923EF192400459450 /* ShinyDex.app */;
			productType = "com.apple.product-type.application";
		};
/* End PBXNativeTarget section */

/* Begin PBXProject section */
		96FC079123EF192400459450 /* Project object */ = {
			isa = PBXProject;
			attributes = {
				LastSwiftUpdateCheck = 1130;
				LastUpgradeCheck = 1130;
				ORGANIZATIONNAME = "Sebastian Christiansen";
				TargetAttributes = {
					96FC079823EF192400459450 = {
						CreatedOnToolsVersion = 11.3.1;
					};
				};
			};
			buildConfigurationList = 96FC079423EF192400459450 /* Build configuration list for PBXProject "ShinyDex" */;
			compatibilityVersion = "Xcode 9.3";
			developmentRegion = en;
			hasScannedForEncodings = 0;
			knownRegions = (
				en,
				Base,
			);
			mainGroup = 96FC079023EF192400459450;
			productRefGroup = 96FC079A23EF192400459450 /* Products */;
			projectDirPath = "";
			projectRoot = "";
			targets = (
				96FC079823EF192400459450 /* ShinyDex */,
			);
		};
/* End PBXProject section */

/* Begin PBXResourcesBuildPhase section */
		96FC079723EF192400459450 /* Resources */ = {
			isa = PBXResourcesBuildPhase;
			buildActionMask = 2147483647;
			files = (
				96FC07EF23EF529B00459450 /* pokeballs.txt in Resources */,
				96FC07F023EF529B00459450 /* allGens.txt in Resources */,
				96FC07AC23EF192800459450 /* LaunchScreen.storyboard in Resources */,
				96FC07A923EF192800459450 /* Assets.xcassets in Resources */,
				96FC07A423EF192400459450 /* Main.storyboard in Resources */,
			);
			runOnlyForDeploymentPostprocessing = 0;
		};
/* End PBXResourcesBuildPhase section */

/* Begin PBXSourcesBuildPhase section */
		96FC079523EF192400459450 /* Sources */ = {
			isa = PBXSourcesBuildPhase;
			buildActionMask = 2147483647;
			files = (
				96FC07A723EF192400459450 /* ShinyDex.xcdatamodeld in Sources */,
				96FC07E923EF511500459450 /* TxtReader.swift in Sources */,
				96FC07E623EF511500459450 /* GifSwift.swift in Sources */,
				96FC07DB23EF455A00459450 /* PokemonRepository.swift in Sources */,
				96FC07E823EF511500459450 /* Resolver.swift in Sources */,
				96FC07EB23EF511500459450 /* OddsResolver.swift in Sources */,
				96FC07EA23EF511500459450 /* PopupHandler.swift in Sources */,
				96FC07E723EF511500459450 /* Extensions.swift in Sources */,
				96FC07B423EF19F300459450 /* TableViewController.swift in Sources */,
				96FC079D23EF192400459450 /* AppDelegate.swift in Sources */,
				96FC07DF23EF50C700459450 /* TextResolver.swift in Sources */,
				96FC07D923EF437C00459450 /* SceneDelegate.swift in Sources */,
			);
			runOnlyForDeploymentPostprocessing = 0;
		};
/* End PBXSourcesBuildPhase section */

/* Begin PBXVariantGroup section */
		96FC07A223EF192400459450 /* Main.storyboard */ = {
			isa = PBXVariantGroup;
			children = (
				96FC07A323EF192400459450 /* Base */,
			);
			name = Main.storyboard;
			sourceTree = "<group>";
		};
		96FC07AA23EF192800459450 /* LaunchScreen.storyboard */ = {
			isa = PBXVariantGroup;
			children = (
				96FC07AB23EF192800459450 /* Base */,
			);
			name = LaunchScreen.storyboard;
			sourceTree = "<group>";
		};
/* End PBXVariantGroup section */

/* Begin XCBuildConfiguration section */
		96FC07AE23EF192800459450 /* Debug */ = {
			isa = XCBuildConfiguration;
			buildSettings = {
				ALWAYS_SEARCH_USER_PATHS = NO;
				CLANG_ANALYZER_NONNULL = YES;
				CLANG_ANALYZER_NUMBER_OBJECT_CONVERSION = YES_AGGRESSIVE;
				CLANG_CXX_LANGUAGE_STANDARD = "gnu++14";
				CLANG_CXX_LIBRARY = "libc++";
				CLANG_ENABLE_MODULES = YES;
				CLANG_ENABLE_OBJC_ARC = YES;
				CLANG_ENABLE_OBJC_WEAK = YES;
				CLANG_WARN_BLOCK_CAPTURE_AUTORELEASING = YES;
				CLANG_WARN_BOOL_CONVERSION = YES;
				CLANG_WARN_COMMA = YES;
				CLANG_WARN_CONSTANT_CONVERSION = YES;
				CLANG_WARN_DEPRECATED_OBJC_IMPLEMENTATIONS = YES;
				CLANG_WARN_DIRECT_OBJC_ISA_USAGE = YES_ERROR;
				CLANG_WARN_DOCUMENTATION_COMMENTS = YES;
				CLANG_WARN_EMPTY_BODY = YES;
				CLANG_WARN_ENUM_CONVERSION = YES;
				CLANG_WARN_INFINITE_RECURSION = YES;
				CLANG_WARN_INT_CONVERSION = YES;
				CLANG_WARN_NON_LITERAL_NULL_CONVERSION = YES;
				CLANG_WARN_OBJC_IMPLICIT_RETAIN_SELF = YES;
				CLANG_WARN_OBJC_LITERAL_CONVERSION = YES;
				CLANG_WARN_OBJC_ROOT_CLASS = YES_ERROR;
				CLANG_WARN_RANGE_LOOP_ANALYSIS = YES;
				CLANG_WARN_STRICT_PROTOTYPES = YES;
				CLANG_WARN_SUSPICIOUS_MOVE = YES;
				CLANG_WARN_UNGUARDED_AVAILABILITY = YES_AGGRESSIVE;
				CLANG_WARN_UNREACHABLE_CODE = YES;
				CLANG_WARN__DUPLICATE_METHOD_MATCH = YES;
				COPY_PHASE_STRIP = NO;
				DEBUG_INFORMATION_FORMAT = dwarf;
				ENABLE_STRICT_OBJC_MSGSEND = YES;
				ENABLE_TESTABILITY = YES;
				GCC_C_LANGUAGE_STANDARD = gnu11;
				GCC_DYNAMIC_NO_PIC = NO;
				GCC_NO_COMMON_BLOCKS = YES;
				GCC_OPTIMIZATION_LEVEL = 0;
				GCC_PREPROCESSOR_DEFINITIONS = (
					"DEBUG=1",
					"$(inherited)",
				);
				GCC_WARN_64_TO_32_BIT_CONVERSION = YES;
				GCC_WARN_ABOUT_RETURN_TYPE = YES_ERROR;
				GCC_WARN_UNDECLARED_SELECTOR = YES;
				GCC_WARN_UNINITIALIZED_AUTOS = YES_AGGRESSIVE;
				GCC_WARN_UNUSED_FUNCTION = YES;
				GCC_WARN_UNUSED_VARIABLE = YES;
				IPHONEOS_DEPLOYMENT_TARGET = 13.2;
				MTL_ENABLE_DEBUG_INFO = INCLUDE_SOURCE;
				MTL_FAST_MATH = YES;
				ONLY_ACTIVE_ARCH = YES;
				SDKROOT = iphoneos;
				SWIFT_ACTIVE_COMPILATION_CONDITIONS = DEBUG;
				SWIFT_OPTIMIZATION_LEVEL = "-Onone";
			};
			name = Debug;
		};
		96FC07AF23EF192800459450 /* Release */ = {
			isa = XCBuildConfiguration;
			buildSettings = {
				ALWAYS_SEARCH_USER_PATHS = NO;
				CLANG_ANALYZER_NONNULL = YES;
				CLANG_ANALYZER_NUMBER_OBJECT_CONVERSION = YES_AGGRESSIVE;
				CLANG_CXX_LANGUAGE_STANDARD = "gnu++14";
				CLANG_CXX_LIBRARY = "libc++";
				CLANG_ENABLE_MODULES = YES;
				CLANG_ENABLE_OBJC_ARC = YES;
				CLANG_ENABLE_OBJC_WEAK = YES;
				CLANG_WARN_BLOCK_CAPTURE_AUTORELEASING = YES;
				CLANG_WARN_BOOL_CONVERSION = YES;
				CLANG_WARN_COMMA = YES;
				CLANG_WARN_CONSTANT_CONVERSION = YES;
				CLANG_WARN_DEPRECATED_OBJC_IMPLEMENTATIONS = YES;
				CLANG_WARN_DIRECT_OBJC_ISA_USAGE = YES_ERROR;
				CLANG_WARN_DOCUMENTATION_COMMENTS = YES;
				CLANG_WARN_EMPTY_BODY = YES;
				CLANG_WARN_ENUM_CONVERSION = YES;
				CLANG_WARN_INFINITE_RECURSION = YES;
				CLANG_WARN_INT_CONVERSION = YES;
				CLANG_WARN_NON_LITERAL_NULL_CONVERSION = YES;
				CLANG_WARN_OBJC_IMPLICIT_RETAIN_SELF = YES;
				CLANG_WARN_OBJC_LITERAL_CONVERSION = YES;
				CLANG_WARN_OBJC_ROOT_CLASS = YES_ERROR;
				CLANG_WARN_RANGE_LOOP_ANALYSIS = YES;
				CLANG_WARN_STRICT_PROTOTYPES = YES;
				CLANG_WARN_SUSPICIOUS_MOVE = YES;
				CLANG_WARN_UNGUARDED_AVAILABILITY = YES_AGGRESSIVE;
				CLANG_WARN_UNREACHABLE_CODE = YES;
				CLANG_WARN__DUPLICATE_METHOD_MATCH = YES;
				COPY_PHASE_STRIP = NO;
				DEBUG_INFORMATION_FORMAT = "dwarf-with-dsym";
				ENABLE_NS_ASSERTIONS = NO;
				ENABLE_STRICT_OBJC_MSGSEND = YES;
				GCC_C_LANGUAGE_STANDARD = gnu11;
				GCC_NO_COMMON_BLOCKS = YES;
				GCC_WARN_64_TO_32_BIT_CONVERSION = YES;
				GCC_WARN_ABOUT_RETURN_TYPE = YES_ERROR;
				GCC_WARN_UNDECLARED_SELECTOR = YES;
				GCC_WARN_UNINITIALIZED_AUTOS = YES_AGGRESSIVE;
				GCC_WARN_UNUSED_FUNCTION = YES;
				GCC_WARN_UNUSED_VARIABLE = YES;
				IPHONEOS_DEPLOYMENT_TARGET = 13.2;
				MTL_ENABLE_DEBUG_INFO = NO;
				MTL_FAST_MATH = YES;
				SDKROOT = iphoneos;
				SWIFT_COMPILATION_MODE = wholemodule;
				SWIFT_OPTIMIZATION_LEVEL = "-O";
				VALIDATE_PRODUCT = YES;
			};
			name = Release;
		};
		96FC07B123EF192800459450 /* Debug */ = {
			isa = XCBuildConfiguration;
			buildSettings = {
				ASSETCATALOG_COMPILER_APPICON_NAME = AppIcon;
				CODE_SIGN_STYLE = Automatic;
				DEVELOPMENT_TEAM = SVU6FF2PL3;
				INFOPLIST_FILE = ShinyDex/Info.plist;
				LD_RUNPATH_SEARCH_PATHS = (
					"$(inherited)",
					"@executable_path/Frameworks",
				);
				PRODUCT_BUNDLE_IDENTIFIER = SRC.ShinyDex;
				PRODUCT_NAME = "$(TARGET_NAME)";
				SWIFT_VERSION = 5.0;
				TARGETED_DEVICE_FAMILY = "1,2";
			};
			name = Debug;
		};
		96FC07B223EF192800459450 /* Release */ = {
			isa = XCBuildConfiguration;
			buildSettings = {
				ASSETCATALOG_COMPILER_APPICON_NAME = AppIcon;
				CODE_SIGN_STYLE = Automatic;
				DEVELOPMENT_TEAM = SVU6FF2PL3;
				INFOPLIST_FILE = ShinyDex/Info.plist;
				LD_RUNPATH_SEARCH_PATHS = (
					"$(inherited)",
					"@executable_path/Frameworks",
				);
				PRODUCT_BUNDLE_IDENTIFIER = SRC.ShinyDex;
				PRODUCT_NAME = "$(TARGET_NAME)";
				SWIFT_VERSION = 5.0;
				TARGETED_DEVICE_FAMILY = "1,2";
			};
			name = Release;
		};
/* End XCBuildConfiguration section */

/* Begin XCConfigurationList section */
		96FC079423EF192400459450 /* Build configuration list for PBXProject "ShinyDex" */ = {
			isa = XCConfigurationList;
			buildConfigurations = (
				96FC07AE23EF192800459450 /* Debug */,
				96FC07AF23EF192800459450 /* Release */,
			);
			defaultConfigurationIsVisible = 0;
			defaultConfigurationName = Release;
		};
		96FC07B023EF192800459450 /* Build configuration list for PBXNativeTarget "ShinyDex" */ = {
			isa = XCConfigurationList;
			buildConfigurations = (
				96FC07B123EF192800459450 /* Debug */,
				96FC07B223EF192800459450 /* Release */,
			);
			defaultConfigurationIsVisible = 0;
			defaultConfigurationName = Release;
		};
/* End XCConfigurationList section */

/* Begin XCVersionGroup section */
		96FC07A523EF192400459450 /* ShinyDex.xcdatamodeld */ = {
			isa = XCVersionGroup;
			children = (
				96FC07A623EF192400459450 /* ShinyDex.xcdatamodel */,
			);
			currentVersion = 96FC07A623EF192400459450 /* ShinyDex.xcdatamodel */;
			path = ShinyDex.xcdatamodeld;
			sourceTree = "<group>";
			versionGroupType = wrapper.xcdatamodel;
		};
/* End XCVersionGroup section */
	};
	rootObject = 96FC079123EF192400459450 /* Project object */;
}
