{
  "object": {
    "pins": [
      {
        "package": "FlexColorPicker",
        "repositoryURL": "https://github.com/RastislavMirek/FlexColorPicker",
        "state": {
          "branch": null,
          "revision": "6f591e9bc2b4f968c6d7d555f14fd3d219e5f2d6",
          "version": "1.4.3"
        }
      }
    ]
  },
  "version": 1
}
