{
  "object": {
    "pins": [
      {
        "package": "FlexColorPicker",
        "repositoryURL": "https://github.com/RastislavMirek/FlexColorPicker",
        "state": {
          "branch": null,
          "revision": "6f591e9bc2b4f968c6d7d555f14fd3d219e5f2d6",
          "version": "1.4.3"
        }
      },
      {
        "package": "Gifu",
        "repositoryURL": "https://github.com/kaishin/Gifu.git",
        "state": {
          "branch": null,
          "revision": "b6fc594b30d0949a788338c54b07c26ae40c3444",
          "version": "3.2.2"
        }
      }
    ]
  },
  "version": 1
}
